
Microsoft Visual Studio Solution File, Format Version 12.00
# Visual Studio Version 17
VisualStudioVersion = 17.0.31903.59
MinimumVisualStudioVersion = 10.0.40219.1
Project("{2150E333-8FDC-42A3-9474-1A3956D46DE8}") = "0-Docs", "0-Docs", "{25CD61C0-1F81-4258-9174-63C5B5377783}"
	ProjectSection(SolutionItems) = preProject
		..\docs\clean-arch-dotnet-project-structure.png = ..\docs\clean-arch-dotnet-project-structure.png
		..\LICENSE = ..\LICENSE
		..\README.md = ..\README.md
	EndProjectSection
EndProject
Project("{2150E333-8FDC-42A3-9474-1A3956D46DE8}") = "1-Presentation", "1-Presentation", "{A98207E4-D6C2-486E-9EDF-A99438565E89}"
EndProject
Project("{2150E333-8FDC-42A3-9474-1A3956D46DE8}") = "2-Application", "2-Application", "{6A554857-EEEC-4162-BC42-B6E21AF30F3D}"
EndProject
Project("{2150E333-8FDC-42A3-9474-1A3956D46DE8}") = "4-Persistence", "4-Persistence", "{1CBCCC87-D739-4A65-9E91-749DF22F5217}"
EndProject
Project("{2150E333-8FDC-42A3-9474-1A3956D46DE8}") = "5-Infrastructure", "5-Infrastructure", "{39EBDC03-3F9B-4E9E-9034-C1632C008626}"
EndProject
Project("{2150E333-8FDC-42A3-9474-1A3956D46DE8}") = "3-Domain", "3-Domain", "{0CD4B417-2A5E-4873-A9E6-DAB9CB226880}"
EndProject
Project("{2150E333-8FDC-42A3-9474-1A3956D46DE8}") = "X-ToExportForNuGetPackage", "X-ToExportForNuGetPackage", "{75522A18-C4D5-4164-897B-BA49FC87F4C9}"
EndProject
Project("{2150E333-8FDC-42A3-9474-1A3956D46DE8}") = "9-Tests", "9-Tests", "{CAB1D35C-931C-4908-9119-933CF3EDD54C}"
EndProject
Project("{9A19103F-16F7-4668-BE54-9A1E7A4F7556}") = "RBlazeLabs.RAuth.Domain", "RBlazeLabs.RAuth.Domain\RBlazeLabs.RAuth.Domain.csproj", "{B15AE5BB-2557-4095-B830-B20C3197942B}"
EndProject
Project("{9A19103F-16F7-4668-BE54-9A1E7A4F7556}") = "RBlazeLabs.Architecture", "RBlazeLabs.Architecture\RBlazeLabs.Architecture.csproj", "{E8F251A0-7B0A-46BC-AA55-62E242A7362A}"
EndProject
Project("{9A19103F-16F7-4668-BE54-9A1E7A4F7556}") = "RBlazeLabs.Common", "RBlazeLabs.Common\RBlazeLabs.Common.csproj", "{5BF3E503-72AF-4400-8609-1159D11B3A7E}"
EndProject
Project("{9A19103F-16F7-4668-BE54-9A1E7A4F7556}") = "RBlazeLabs.Architecture.Web", "RBlazeLabs.Architecture.Web\RBlazeLabs.Architecture.Web.csproj", "{AD457F0E-2691-4CB5-804C-B820E647020F}"
EndProject
Project("{FAE04EC0-301F-11D3-BF4B-00C04F79EFBC}") = "RBlazeLabs.Messaging", "RBlazeLabs.Messaging\RBlazeLabs.Messaging.csproj", "{465C34FA-BCFC-429F-9FB1-9719B9BF8788}"
EndProject
Project("{FAE04EC0-301F-11D3-BF4B-00C04F79EFBC}") = "RBlazeLabs.Worker", "RBlazeLabs.Worker\RBlazeLabs.Worker.csproj", "{2B86D162-FDBE-4393-949B-2A01AF021F3E}"
EndProject
Project("{FAE04EC0-301F-11D3-BF4B-00C04F79EFBC}") = "RBlazeLabs.Architecture.Infra.Data.MongoDb", "RBlazeLabs.Architecture.Infra.Data.MongoDb\RBlazeLabs.Architecture.Infra.Data.MongoDb.csproj", "{9B38165E-CE84-46DB-8E7E-D2D4F5A7BB52}"
EndProject
Global
	GlobalSection(SolutionConfigurationPlatforms) = preSolution
		Debug|Any CPU = Debug|Any CPU
		Release|Any CPU = Release|Any CPU
	EndGlobalSection
	GlobalSection(ProjectConfigurationPlatforms) = postSolution
		{B15AE5BB-2557-4095-B830-B20C3197942B}.Debug|Any CPU.ActiveCfg = Debug|Any CPU
		{B15AE5BB-2557-4095-B830-B20C3197942B}.Debug|Any CPU.Build.0 = Debug|Any CPU
		{B15AE5BB-2557-4095-B830-B20C3197942B}.Release|Any CPU.ActiveCfg = Release|Any CPU
		{B15AE5BB-2557-4095-B830-B20C3197942B}.Release|Any CPU.Build.0 = Release|Any CPU
		{E8F251A0-7B0A-46BC-AA55-62E242A7362A}.Debug|Any CPU.ActiveCfg = Debug|Any CPU
		{E8F251A0-7B0A-46BC-AA55-62E242A7362A}.Debug|Any CPU.Build.0 = Debug|Any CPU
		{E8F251A0-7B0A-46BC-AA55-62E242A7362A}.Release|Any CPU.ActiveCfg = Release|Any CPU
		{E8F251A0-7B0A-46BC-AA55-62E242A7362A}.Release|Any CPU.Build.0 = Release|Any CPU
		{5BF3E503-72AF-4400-8609-1159D11B3A7E}.Debug|Any CPU.ActiveCfg = Debug|Any CPU
		{5BF3E503-72AF-4400-8609-1159D11B3A7E}.Debug|Any CPU.Build.0 = Debug|Any CPU
		{5BF3E503-72AF-4400-8609-1159D11B3A7E}.Release|Any CPU.ActiveCfg = Release|Any CPU
		{5BF3E503-72AF-4400-8609-1159D11B3A7E}.Release|Any CPU.Build.0 = Release|Any CPU
		{AD457F0E-2691-4CB5-804C-B820E647020F}.Debug|Any CPU.ActiveCfg = Debug|Any CPU
		{AD457F0E-2691-4CB5-804C-B820E647020F}.Debug|Any CPU.Build.0 = Debug|Any CPU
		{AD457F0E-2691-4CB5-804C-B820E647020F}.Release|Any CPU.ActiveCfg = Release|Any CPU
		{AD457F0E-2691-4CB5-804C-B820E647020F}.Release|Any CPU.Build.0 = Release|Any CPU
		{465C34FA-BCFC-429F-9FB1-9719B9BF8788}.Debug|Any CPU.ActiveCfg = Debug|Any CPU
		{465C34FA-BCFC-429F-9FB1-9719B9BF8788}.Debug|Any CPU.Build.0 = Debug|Any CPU
		{465C34FA-BCFC-429F-9FB1-9719B9BF8788}.Release|Any CPU.ActiveCfg = Release|Any CPU
		{465C34FA-BCFC-429F-9FB1-9719B9BF8788}.Release|Any CPU.Build.0 = Release|Any CPU
		{2B86D162-FDBE-4393-949B-2A01AF021F3E}.Debug|Any CPU.ActiveCfg = Debug|Any CPU
		{2B86D162-FDBE-4393-949B-2A01AF021F3E}.Debug|Any CPU.Build.0 = Debug|Any CPU
		{2B86D162-FDBE-4393-949B-2A01AF021F3E}.Release|Any CPU.ActiveCfg = Release|Any CPU
		{2B86D162-FDBE-4393-949B-2A01AF021F3E}.Release|Any CPU.Build.0 = Release|Any CPU
		{9B38165E-CE84-46DB-8E7E-D2D4F5A7BB52}.Debug|Any CPU.ActiveCfg = Debug|Any CPU
		{9B38165E-CE84-46DB-8E7E-D2D4F5A7BB52}.Debug|Any CPU.Build.0 = Debug|Any CPU
		{9B38165E-CE84-46DB-8E7E-D2D4F5A7BB52}.Release|Any CPU.ActiveCfg = Release|Any CPU
		{9B38165E-CE84-46DB-8E7E-D2D4F5A7BB52}.Release|Any CPU.Build.0 = Release|Any CPU
	EndGlobalSection
	GlobalSection(SolutionProperties) = preSolution
		HideSolutionNode = FALSE
	EndGlobalSection
	GlobalSection(NestedProjects) = preSolution
		{B15AE5BB-2557-4095-B830-B20C3197942B} = {0CD4B417-2A5E-4873-A9E6-DAB9CB226880}
		{E8F251A0-7B0A-46BC-AA55-62E242A7362A} = {75522A18-C4D5-4164-897B-BA49FC87F4C9}
		{5BF3E503-72AF-4400-8609-1159D11B3A7E} = {75522A18-C4D5-4164-897B-BA49FC87F4C9}
		{AD457F0E-2691-4CB5-804C-B820E647020F} = {75522A18-C4D5-4164-897B-BA49FC87F4C9}
		{465C34FA-BCFC-429F-9FB1-9719B9BF8788} = {75522A18-C4D5-4164-897B-BA49FC87F4C9}
		{2B86D162-FDBE-4393-949B-2A01AF021F3E} = {75522A18-C4D5-4164-897B-BA49FC87F4C9}
		{9B38165E-CE84-46DB-8E7E-D2D4F5A7BB52} = {75522A18-C4D5-4164-897B-BA49FC87F4C9}
	EndGlobalSection
	GlobalSection(ExtensibilityGlobals) = postSolution
		SolutionGuid = {24AF8528-6E9D-47EC-906F-7A0004C675B4}
	EndGlobalSection
EndGlobal
